{
    "_readme": [
        "This file locks the dependencies of your project to a known state",
        "Read more about it at https://getcomposer.org/doc/01-basic-usage.md#composer-lock-the-lock-file",
        "This file is @generated automatically"
    ],
    "content-hash": "da636cf1d4ccf821de5cf2a4e323b8c1",
    "packages": [
        {
            "name": "uspc/affiliate-api",
            "version": "dev-master",
            "source": {
                "type": "git",
                "url": "https://github.com/maMykola/affiliate-api.git",
                "reference": "aa76a3578cde4c622013b285940c725693144d66"
            },
            "dist": {
                "type": "zip",
                "url": "https://api.github.com/repos/maMykola/affiliate-api/zipball/aa76a3578cde4c622013b285940c725693144d66",
                "reference": "aa76a3578cde4c622013b285940c725693144d66",
                "shasum": ""
            },
            "require": {
                "php": ">=5.5.0"
            },
            "type": "library",
            "notification-url": "https://packagist.org/downloads/",
            "authors": [
                {
                    "name": "Mykola Martynov",
                    "email": "mykola.martynov@hotmail.com"
                }
            ],
            "description": "API for Affiliate Tools",
            "time": "2017-07-17 09:30:54"
        }
    ],
    "packages-dev": [],
    "aliases": [],
    "minimum-stability": "stable",
    "stability-flags": {
        "uspc/affiliate-api": 20
    },
    "prefer-stable": false,
    "prefer-lowest": false,
    "platform": [],
    "platform-dev": []
}
